
Microsoft Visual Studio Solution File, Format Version 12.00
# Visual Studio 15
VisualStudioVersion = 15.0.28307.902
MinimumVisualStudioVersion = 10.0.40219.1
Project("{9A19103F-16F7-4668-BE54-9A1E7A4F7556}") = "Smart.Website", "Smart.Website\Smart.Website.csproj", "{AFA6FECC-F416-4190-840C-AB57BD6333BD}"
EndProject
Project("{9A19103F-16F7-4668-BE54-9A1E7A4F7556}") = "Smart.Domain", "Smart.Domain\Smart.Domain.csproj", "{6673517E-7095-47C9-A5C5-33C061FB81AE}"
EndProject
Project("{9A19103F-16F7-4668-BE54-9A1E7A4F7556}") = "Smart.Data", "Smart.Data\Smart.Data.csproj", "{46E45F27-8699-484D-9D15-DCEB7DC31538}"
EndProject
Project("{9A19103F-16F7-4668-BE54-9A1E7A4F7556}") = "Smart.Service", "Smart.Service\Smart.Service.csproj", "{D7A352B5-D651-456A-8FF0-6B43CE0CC186}"
EndProject
Project("{9A19103F-16F7-4668-BE54-9A1E7A4F7556}") = "Smart.Utility", "Smart.Utility\Smart.Utility.csproj", "{D6C5813A-5169-4BDE-86A1-D4F327ADB90A}"
EndProject
Project("{FAE04EC0-301F-11D3-BF4B-00C04F79EFBC}") = "Smart.API", "Smart.API\Smart.API.csproj", "{D194A3A9-762C-4120-BAB7-143694EC5EA4}"
EndProject
Project("{FAE04EC0-301F-11D3-BF4B-00C04F79EFBC}") = "Smart.TrainData", "Smart.TrainData\Smart.TrainData.csproj", "{FFD34CD4-04F1-4993-817B-2470CAA0AF7C}"
EndProject
Project("{2150E333-8FDC-42A3-9474-1A3956D46DE8}") = "2. Core", "2. Core", "{16B6698B-C329-4720-AD42-6680AC04C3F6}"
EndProject
Project("{2150E333-8FDC-42A3-9474-1A3956D46DE8}") = "3. Data", "3. Data", "{CF8BF179-9C79-493F-87C9-E46F415EDF7B}"
EndProject
Project("{2150E333-8FDC-42A3-9474-1A3956D46DE8}") = "4. Service", "4. Service", "{E91082CC-4CF5-40B1-847D-12238E42754F}"
EndProject
Project("{2150E333-8FDC-42A3-9474-1A3956D46DE8}") = "5.1 Framework", "5.1 Framework", "{327C793E-8B5E-442B-B285-4810AAA5AF5D}"
EndProject
Project("{2150E333-8FDC-42A3-9474-1A3956D46DE8}") = "5.2 ML", "5.2 ML", "{0A686B1A-65B6-4036-94D5-500FA017E6C6}"
EndProject
Project("{2150E333-8FDC-42A3-9474-1A3956D46DE8}") = "1. Utility", "1. Utility", "{EF1E784D-D0BC-4233-811C-1CCEB2C3D7C9}"
EndProject
Project("{2150E333-8FDC-42A3-9474-1A3956D46DE8}") = "6 Application", "6 Application", "{1FE243F6-BB18-4AB0-ABA6-F79CE9693E99}"
EndProject
Global
	GlobalSection(SolutionConfigurationPlatforms) = preSolution
		Debug|Any CPU = Debug|Any CPU
		Release|Any CPU = Release|Any CPU
	EndGlobalSection
	GlobalSection(ProjectConfigurationPlatforms) = postSolution
		{AFA6FECC-F416-4190-840C-AB57BD6333BD}.Debug|Any CPU.ActiveCfg = Debug|Any CPU
		{AFA6FECC-F416-4190-840C-AB57BD6333BD}.Debug|Any CPU.Build.0 = Debug|Any CPU
		{AFA6FECC-F416-4190-840C-AB57BD6333BD}.Release|Any CPU.ActiveCfg = Release|Any CPU
		{AFA6FECC-F416-4190-840C-AB57BD6333BD}.Release|Any CPU.Build.0 = Release|Any CPU
		{6673517E-7095-47C9-A5C5-33C061FB81AE}.Debug|Any CPU.ActiveCfg = Debug|Any CPU
		{6673517E-7095-47C9-A5C5-33C061FB81AE}.Debug|Any CPU.Build.0 = Debug|Any CPU
		{6673517E-7095-47C9-A5C5-33C061FB81AE}.Release|Any CPU.ActiveCfg = Release|Any CPU
		{6673517E-7095-47C9-A5C5-33C061FB81AE}.Release|Any CPU.Build.0 = Release|Any CPU
		{46E45F27-8699-484D-9D15-DCEB7DC31538}.Debug|Any CPU.ActiveCfg = Debug|Any CPU
		{46E45F27-8699-484D-9D15-DCEB7DC31538}.Debug|Any CPU.Build.0 = Debug|Any CPU
		{46E45F27-8699-484D-9D15-DCEB7DC31538}.Release|Any CPU.ActiveCfg = Release|Any CPU
		{46E45F27-8699-484D-9D15-DCEB7DC31538}.Release|Any CPU.Build.0 = Release|Any CPU
		{D7A352B5-D651-456A-8FF0-6B43CE0CC186}.Debug|Any CPU.ActiveCfg = Debug|Any CPU
		{D7A352B5-D651-456A-8FF0-6B43CE0CC186}.Debug|Any CPU.Build.0 = Debug|Any CPU
		{D7A352B5-D651-456A-8FF0-6B43CE0CC186}.Release|Any CPU.ActiveCfg = Release|Any CPU
		{D7A352B5-D651-456A-8FF0-6B43CE0CC186}.Release|Any CPU.Build.0 = Release|Any CPU
		{D6C5813A-5169-4BDE-86A1-D4F327ADB90A}.Debug|Any CPU.ActiveCfg = Debug|Any CPU
		{D6C5813A-5169-4BDE-86A1-D4F327ADB90A}.Debug|Any CPU.Build.0 = Debug|Any CPU
		{D6C5813A-5169-4BDE-86A1-D4F327ADB90A}.Release|Any CPU.ActiveCfg = Release|Any CPU
		{D6C5813A-5169-4BDE-86A1-D4F327ADB90A}.Release|Any CPU.Build.0 = Release|Any CPU
		{D194A3A9-762C-4120-BAB7-143694EC5EA4}.Debug|Any CPU.ActiveCfg = Debug|Any CPU
		{D194A3A9-762C-4120-BAB7-143694EC5EA4}.Debug|Any CPU.Build.0 = Debug|Any CPU
		{D194A3A9-762C-4120-BAB7-143694EC5EA4}.Release|Any CPU.ActiveCfg = Release|Any CPU
		{D194A3A9-762C-4120-BAB7-143694EC5EA4}.Release|Any CPU.Build.0 = Release|Any CPU
		{FFD34CD4-04F1-4993-817B-2470CAA0AF7C}.Debug|Any CPU.ActiveCfg = Debug|Any CPU
		{FFD34CD4-04F1-4993-817B-2470CAA0AF7C}.Debug|Any CPU.Build.0 = Debug|Any CPU
		{FFD34CD4-04F1-4993-817B-2470CAA0AF7C}.Release|Any CPU.ActiveCfg = Release|Any CPU
		{FFD34CD4-04F1-4993-817B-2470CAA0AF7C}.Release|Any CPU.Build.0 = Release|Any CPU
	EndGlobalSection
	GlobalSection(SolutionProperties) = preSolution
		HideSolutionNode = FALSE
	EndGlobalSection
	GlobalSection(NestedProjects) = preSolution
		{AFA6FECC-F416-4190-840C-AB57BD6333BD} = {1FE243F6-BB18-4AB0-ABA6-F79CE9693E99}
		{6673517E-7095-47C9-A5C5-33C061FB81AE} = {16B6698B-C329-4720-AD42-6680AC04C3F6}
		{46E45F27-8699-484D-9D15-DCEB7DC31538} = {CF8BF179-9C79-493F-87C9-E46F415EDF7B}
		{D7A352B5-D651-456A-8FF0-6B43CE0CC186} = {E91082CC-4CF5-40B1-847D-12238E42754F}
		{D6C5813A-5169-4BDE-86A1-D4F327ADB90A} = {EF1E784D-D0BC-4233-811C-1CCEB2C3D7C9}
		{D194A3A9-762C-4120-BAB7-143694EC5EA4} = {1FE243F6-BB18-4AB0-ABA6-F79CE9693E99}
		{FFD34CD4-04F1-4993-817B-2470CAA0AF7C} = {0A686B1A-65B6-4036-94D5-500FA017E6C6}
	EndGlobalSection
	GlobalSection(ExtensibilityGlobals) = postSolution
		SolutionGuid = {6C768F92-C423-4873-903F-EF04052887FD}
	EndGlobalSection
EndGlobal
